// !$*UTF8*$!
{
	archiveVersion = 1;
	classes = {
	};
	objectVersion = 46;
	objects = {

/* Begin PBXBuildFile section */
		B11436271D0883030078425D /* BlastBullet.png in Resources */ = {isa = PBXBuildFile; fileRef = B11436251D0883030078425D /* BlastBullet.png */; };
		B11436281D0883030078425D /* PowerUpBlast.png in Resources */ = {isa = PBXBuildFile; fileRef = B11436261D0883030078425D /* PowerUpBlast.png */; };
		B134C7C01D071D4400BEA15C /* MagicParticle.sks in Resources */ = {isa = PBXBuildFile; fileRef = B134C7BE1D071D4400BEA15C /* MagicParticle.sks */; };
		B134C7C11D071D4400BEA15C /* spark.png in Resources */ = {isa = PBXBuildFile; fileRef = B134C7BF1D071D4400BEA15C /* spark.png */; };
		B17639791D075524006F293A /* Lazor_beam.png in Resources */ = {isa = PBXBuildFile; fileRef = B17639781D075524006F293A /* Lazor_beam.png */; };
		B176397B1D0758BB006F293A /* PowerUpLazor.png in Resources */ = {isa = PBXBuildFile; fileRef = B176397A1D0758BB006F293A /* PowerUpLazor.png */; };
		B17F47D31D0E37770035B77A /* WUp.png in Resources */ = {isa = PBXBuildFile; fileRef = B17F47D21D0E37770035B77A /* WUp.png */; };
		B195AA3A1D08DFA30030B395 /* Lazor_head.png in Resources */ = {isa = PBXBuildFile; fileRef = B195AA391D08DFA30030B395 /* Lazor_head.png */; };
		B195AA3C1D08DFE70030B395 /* Lazor_ring.png in Resources */ = {isa = PBXBuildFile; fileRef = B195AA3B1D08DFE70030B395 /* Lazor_ring.png */; };
		B1A42AB51D0F6C8B00079727 /* back_beam_front.png in Resources */ = {isa = PBXBuildFile; fileRef = B1A42AB31D0F6C8B00079727 /* back_beam_front.png */; };
		B1A42AB61D0F6C8B00079727 /* back_beam_rear.png in Resources */ = {isa = PBXBuildFile; fileRef = B1A42AB41D0F6C8B00079727 /* back_beam_rear.png */; };
		B1A42AB81D0F78EF00079727 /* back_beam_rearS.png in Resources */ = {isa = PBXBuildFile; fileRef = B1A42AB71D0F78EF00079727 /* back_beam_rearS.png */; };
		B1A42ABA1D0F8C7900079727 /* PowerUpBeam.png in Resources */ = {isa = PBXBuildFile; fileRef = B1A42AB91D0F8C7900079727 /* PowerUpBeam.png */; };
		B1B7442F1D0A225700675651 /* Lazor_head.atlas in Resources */ = {isa = PBXBuildFile; fileRef = B1B7442E1D0A225700675651 /* Lazor_head.atlas */; };
		B1B7443D1D0B8EDA00675651 /* StartScene.sks in Resources */ = {isa = PBXBuildFile; fileRef = B1B7443C1D0B8EDA00675651 /* StartScene.sks */; };
		B1B7443F1D0B8F0300675651 /* StartScene.swift in Sources */ = {isa = PBXBuildFile; fileRef = B1B7443E1D0B8F0300675651 /* StartScene.swift */; };
		B1B7447F1D0B9BF700675651 /* Lazor_beam.atlas in Resources */ = {isa = PBXBuildFile; fileRef = B1B7447E1D0B9BF700675651 /* Lazor_beam.atlas */; };
		B1B744811D0B9FD100675651 /* EnemyClass.swift in Sources */ = {isa = PBXBuildFile; fileRef = B1B744801D0B9FD100675651 /* EnemyClass.swift */; };
		B1D085801D14DCDB00F0305B /* back_beam_front_left.atlas in Resources */ = {isa = PBXBuildFile; fileRef = B1D0857E1D14DCDB00F0305B /* back_beam_front_left.atlas */; };
		B1D085811D14DCDB00F0305B /* back_beam_front_right.atlas in Resources */ = {isa = PBXBuildFile; fileRef = B1D0857F1D14DCDB00F0305B /* back_beam_front_right.atlas */; };
		B1D085841D14E20B00F0305B /* back_beam_rear_right.atlas in Resources */ = {isa = PBXBuildFile; fileRef = B1D085821D14E20B00F0305B /* back_beam_rear_right.atlas */; };
		B1D085851D14E20B00F0305B /* back_beam_rear_left.atlas in Resources */ = {isa = PBXBuildFile; fileRef = B1D085831D14E20B00F0305B /* back_beam_rear_left.atlas */; };
		B1DB4B911D0610E800C917CB /* 9-inc jetL.png in Resources */ = {isa = PBXBuildFile; fileRef = B1DB4B8E1D0610E800C917CB /* 9-inc jetL.png */; };
		B1DB4B921D0610E800C917CB /* 9-inc jetR.png in Resources */ = {isa = PBXBuildFile; fileRef = B1DB4B8F1D0610E800C917CB /* 9-inc jetR.png */; };
		B1DB4B931D0610E800C917CB /* 9-inc jet4.png in Resources */ = {isa = PBXBuildFile; fileRef = B1DB4B901D0610E800C917CB /* 9-inc jet4.png */; };
		B1DB4B951D0625FF00C917CB /* 9-inc jet3.png in Resources */ = {isa = PBXBuildFile; fileRef = B1DB4B941D0625FF00C917CB /* 9-inc jet3.png */; };
		B1DB4B9D1D06673200C917CB /* Enemy2.png in Resources */ = {isa = PBXBuildFile; fileRef = B1DB4B9A1D06673200C917CB /* Enemy2.png */; };
		B1DB4B9E1D06673200C917CB /* Enemy1.png in Resources */ = {isa = PBXBuildFile; fileRef = B1DB4B9B1D06673200C917CB /* Enemy1.png */; };
		B1DB4B9F1D06673200C917CB /* 9-inc.png in Resources */ = {isa = PBXBuildFile; fileRef = B1DB4B9C1D06673200C917CB /* 9-inc.png */; };
		B1DB4BA51D0679D700C917CB /* EndScene.swift in Sources */ = {isa = PBXBuildFile; fileRef = B1DB4BA41D0679D700C917CB /* EndScene.swift */; };
		B1EDA4EB1D05B78A00F4D940 /* AppDelegate.swift in Sources */ = {isa = PBXBuildFile; fileRef = B1EDA4EA1D05B78A00F4D940 /* AppDelegate.swift */; };
		B1EDA4ED1D05B78A00F4D940 /* GameScene.sks in Resources */ = {isa = PBXBuildFile; fileRef = B1EDA4EC1D05B78A00F4D940 /* GameScene.sks */; };
		B1EDA4EF1D05B78A00F4D940 /* GameScene.swift in Sources */ = {isa = PBXBuildFile; fileRef = B1EDA4EE1D05B78A00F4D940 /* GameScene.swift */; };
		B1EDA4F11D05B78A00F4D940 /* GameViewController.swift in Sources */ = {isa = PBXBuildFile; fileRef = B1EDA4F01D05B78A00F4D940 /* GameViewController.swift */; };
		B1EDA4F41D05B78A00F4D940 /* Main.storyboard in Resources */ = {isa = PBXBuildFile; fileRef = B1EDA4F21D05B78A00F4D940 /* Main.storyboard */; };
		B1EDA4F61D05B78A00F4D940 /* Assets.xcassets in Resources */ = {isa = PBXBuildFile; fileRef = B1EDA4F51D05B78A00F4D940 /* Assets.xcassets */; };
		B1EDA4F91D05B78A00F4D940 /* LaunchScreen.storyboard in Resources */ = {isa = PBXBuildFile; fileRef = B1EDA4F71D05B78A00F4D940 /* LaunchScreen.storyboard */; };
		B1EDA5041D05B78B00F4D940 /* Galiga_1Tests.swift in Sources */ = {isa = PBXBuildFile; fileRef = B1EDA5031D05B78B00F4D940 /* Galiga_1Tests.swift */; };
		B1EDA50F1D05B78B00F4D940 /* Galiga_1UITests.swift in Sources */ = {isa = PBXBuildFile; fileRef = B1EDA50E1D05B78B00F4D940 /* Galiga_1UITests.swift */; };
		B1EDA5201D05BC8F00F4D940 /* bullet.png in Resources */ = {isa = PBXBuildFile; fileRef = B1EDA51E1D05BC8F00F4D940 /* bullet.png */; };
		B1F7923F1D15BD2900DB9752 /* gameSounds in Resources */ = {isa = PBXBuildFile; fileRef = B1F7923E1D15BD2900DB9752 /* gameSounds */; };
/* End PBXBuildFile section */

/* Begin PBXContainerItemProxy section */
		B1EDA5001D05B78B00F4D940 /* PBXContainerItemProxy */ = {
			isa = PBXContainerItemProxy;
			containerPortal = B1EDA4DF1D05B78A00F4D940 /* Project object */;
			proxyType = 1;
			remoteGlobalIDString = B1EDA4E61D05B78A00F4D940;
			remoteInfo = "Galiga 1";
		};
		B1EDA50B1D05B78B00F4D940 /* PBXContainerItemProxy */ = {
			isa = PBXContainerItemProxy;
			containerPortal = B1EDA4DF1D05B78A00F4D940 /* Project object */;
			proxyType = 1;
			remoteGlobalIDString = B1EDA4E61D05B78A00F4D940;
			remoteInfo = "Galiga 1";
		};
/* End PBXContainerItemProxy section */

/* Begin PBXFileReference section */
		B11436251D0883030078425D /* BlastBullet.png */ = {isa = PBXFileReference; lastKnownFileType = image.png; path = BlastBullet.png; sourceTree = "<group>"; };
		B11436261D0883030078425D /* PowerUpBlast.png */ = {isa = PBXFileReference; lastKnownFileType = image.png; path = PowerUpBlast.png; sourceTree = "<group>"; };
		B134C7BE1D071D4400BEA15C /* MagicParticle.sks */ = {isa = PBXFileReference; lastKnownFileType = file.sks; name = MagicParticle.sks; path = ../MagicParticle.sks; sourceTree = "<group>"; };
		B134C7BF1D071D4400BEA15C /* spark.png */ = {isa = PBXFileReference; lastKnownFileType = image.png; name = spark.png; path = ../spark.png; sourceTree = "<group>"; };
		B17639781D075524006F293A /* Lazor_beam.png */ = {isa = PBXFileReference; lastKnownFileType = image.png; path = Lazor_beam.png; sourceTree = "<group>"; };
		B176397A1D0758BB006F293A /* PowerUpLazor.png */ = {isa = PBXFileReference; lastKnownFileType = image.png; path = PowerUpLazor.png; sourceTree = "<group>"; };
		B17F47D21D0E37770035B77A /* WUp.png */ = {isa = PBXFileReference; lastKnownFileType = image.png; path = WUp.png; sourceTree = "<group>"; };
		B195AA391D08DFA30030B395 /* Lazor_head.png */ = {isa = PBXFileReference; lastKnownFileType = image.png; path = Lazor_head.png; sourceTree = "<group>"; };
		B195AA3B1D08DFE70030B395 /* Lazor_ring.png */ = {isa = PBXFileReference; lastKnownFileType = image.png; path = Lazor_ring.png; sourceTree = "<group>"; };
		B1A42AB31D0F6C8B00079727 /* back_beam_front.png */ = {isa = PBXFileReference; lastKnownFileType = image.png; path = back_beam_front.png; sourceTree = "<group>"; };
		B1A42AB41D0F6C8B00079727 /* back_beam_rear.png */ = {isa = PBXFileReference; lastKnownFileType = image.png; path = back_beam_rear.png; sourceTree = "<group>"; };
		B1A42AB71D0F78EF00079727 /* back_beam_rearS.png */ = {isa = PBXFileReference; lastKnownFileType = image.png; path = back_beam_rearS.png; sourceTree = "<group>"; };
		B1A42AB91D0F8C7900079727 /* PowerUpBeam.png */ = {isa = PBXFileReference; lastKnownFileType = image.png; path = PowerUpBeam.png; sourceTree = "<group>"; };
		B1B7442E1D0A225700675651 /* Lazor_head.atlas */ = {isa = PBXFileReference; lastKnownFileType = folder.skatlas; path = Lazor_head.atlas; sourceTree = "<group>"; };
		B1B7443C1D0B8EDA00675651 /* StartScene.sks */ = {isa = PBXFileReference; lastKnownFileType = file.sks; name = StartScene.sks; path = ../StartScene.sks; sourceTree = "<group>"; };
		B1B7443E1D0B8F0300675651 /* StartScene.swift */ = {isa = PBXFileReference; fileEncoding = 4; lastKnownFileType = sourcecode.swift; name = StartScene.swift; path = ../StartScene.swift; sourceTree = "<group>"; };
		B1B7447E1D0B9BF700675651 /* Lazor_beam.atlas */ = {isa = PBXFileReference; lastKnownFileType = folder.skatlas; path = Lazor_beam.atlas; sourceTree = "<group>"; };
		B1B744801D0B9FD100675651 /* EnemyClass.swift */ = {isa = PBXFileReference; fileEncoding = 4; lastKnownFileType = sourcecode.swift; path = EnemyClass.swift; sourceTree = "<group>"; };
		B1D0857E1D14DCDB00F0305B /* back_beam_front_left.atlas */ = {isa = PBXFileReference; lastKnownFileType = folder.skatlas; path = back_beam_front_left.atlas; sourceTree = "<group>"; };
		B1D0857F1D14DCDB00F0305B /* back_beam_front_right.atlas */ = {isa = PBXFileReference; lastKnownFileType = folder.skatlas; path = back_beam_front_right.atlas; sourceTree = "<group>"; };
		B1D085821D14E20B00F0305B /* back_beam_rear_right.atlas */ = {isa = PBXFileReference; lastKnownFileType = folder.skatlas; path = back_beam_rear_right.atlas; sourceTree = "<group>"; };
		B1D085831D14E20B00F0305B /* back_beam_rear_left.atlas */ = {isa = PBXFileReference; lastKnownFileType = folder.skatlas; path = back_beam_rear_left.atlas; sourceTree = "<group>"; };
		B1DB4B8E1D0610E800C917CB /* 9-inc jetL.png */ = {isa = PBXFileReference; lastKnownFileType = image.png; path = "9-inc jetL.png"; sourceTree = "<group>"; };
		B1DB4B8F1D0610E800C917CB /* 9-inc jetR.png */ = {isa = PBXFileReference; lastKnownFileType = image.png; path = "9-inc jetR.png"; sourceTree = "<group>"; };
		B1DB4B901D0610E800C917CB /* 9-inc jet4.png */ = {isa = PBXFileReference; lastKnownFileType = image.png; path = "9-inc jet4.png"; sourceTree = "<group>"; };
		B1DB4B941D0625FF00C917CB /* 9-inc jet3.png */ = {isa = PBXFileReference; lastKnownFileType = image.png; path = "9-inc jet3.png"; sourceTree = "<group>"; };
		B1DB4B9A1D06673200C917CB /* Enemy2.png */ = {isa = PBXFileReference; lastKnownFileType = image.png; path = Enemy2.png; sourceTree = "<group>"; };
		B1DB4B9B1D06673200C917CB /* Enemy1.png */ = {isa = PBXFileReference; lastKnownFileType = image.png; path = Enemy1.png; sourceTree = "<group>"; };
		B1DB4B9C1D06673200C917CB /* 9-inc.png */ = {isa = PBXFileReference; lastKnownFileType = image.png; path = "9-inc.png"; sourceTree = "<group>"; };
		B1DB4BA41D0679D700C917CB /* EndScene.swift */ = {isa = PBXFileReference; fileEncoding = 4; lastKnownFileType = sourcecode.swift; name = EndScene.swift; path = ../EndScene.swift; sourceTree = "<group>"; };
		B1EDA4E71D05B78A00F4D940 /* Galiga 1.app */ = {isa = PBXFileReference; explicitFileType = wrapper.application; includeInIndex = 0; path = "Galiga 1.app"; sourceTree = BUILT_PRODUCTS_DIR; };
		B1EDA4EA1D05B78A00F4D940 /* AppDelegate.swift */ = {isa = PBXFileReference; lastKnownFileType = sourcecode.swift; path = AppDelegate.swift; sourceTree = "<group>"; };
		B1EDA4EC1D05B78A00F4D940 /* GameScene.sks */ = {isa = PBXFileReference; lastKnownFileType = file.sks; path = GameScene.sks; sourceTree = "<group>"; };
		B1EDA4EE1D05B78A00F4D940 /* GameScene.swift */ = {isa = PBXFileReference; lastKnownFileType = sourcecode.swift; path = GameScene.swift; sourceTree = "<group>"; };
		B1EDA4F01D05B78A00F4D940 /* GameViewController.swift */ = {isa = PBXFileReference; lastKnownFileType = sourcecode.swift; path = GameViewController.swift; sourceTree = "<group>"; };
		B1EDA4F31D05B78A00F4D940 /* Base */ = {isa = PBXFileReference; lastKnownFileType = file.storyboard; name = Base; path = Base.lproj/Main.storyboard; sourceTree = "<group>"; };
		B1EDA4F51D05B78A00F4D940 /* Assets.xcassets */ = {isa = PBXFileReference; lastKnownFileType = folder.assetcatalog; path = Assets.xcassets; sourceTree = "<group>"; };
		B1EDA4F81D05B78A00F4D940 /* Base */ = {isa = PBXFileReference; lastKnownFileType = file.storyboard; name = Base; path = Base.lproj/LaunchScreen.storyboard; sourceTree = "<group>"; };
		B1EDA4FA1D05B78A00F4D940 /* Info.plist */ = {isa = PBXFileReference; lastKnownFileType = text.plist.xml; path = Info.plist; sourceTree = "<group>"; };
		B1EDA4FF1D05B78B00F4D940 /* Galiga 1Tests.xctest */ = {isa = PBXFileReference; explicitFileType = wrapper.cfbundle; includeInIndex = 0; path = "Galiga 1Tests.xctest"; sourceTree = BUILT_PRODUCTS_DIR; };
		B1EDA5031D05B78B00F4D940 /* Galiga_1Tests.swift */ = {isa = PBXFileReference; lastKnownFileType = sourcecode.swift; path = Galiga_1Tests.swift; sourceTree = "<group>"; };
		B1EDA5051D05B78B00F4D940 /* Info.plist */ = {isa = PBXFileReference; lastKnownFileType = text.plist.xml; path = Info.plist; sourceTree = "<group>"; };
		B1EDA50A1D05B78B00F4D940 /* Galiga 1UITests.xctest */ = {isa = PBXFileReference; explicitFileType = wrapper.cfbundle; includeInIndex = 0; path = "Galiga 1UITests.xctest"; sourceTree = BUILT_PRODUCTS_DIR; };
		B1EDA50E1D05B78B00F4D940 /* Galiga_1UITests.swift */ = {isa = PBXFileReference; lastKnownFileType = sourcecode.swift; path = Galiga_1UITests.swift; sourceTree = "<group>"; };
		B1EDA5101D05B78B00F4D940 /* Info.plist */ = {isa = PBXFileReference; lastKnownFileType = text.plist.xml; path = Info.plist; sourceTree = "<group>"; };
		B1EDA51E1D05BC8F00F4D940 /* bullet.png */ = {isa = PBXFileReference; lastKnownFileType = image.png; path = bullet.png; sourceTree = "<group>"; };
		B1F7923E1D15BD2900DB9752 /* gameSounds */ = {isa = PBXFileReference; lastKnownFileType = folder; path = gameSounds; sourceTree = "<group>"; };
/* End PBXFileReference section */

/* Begin PBXFrameworksBuildPhase section */
		B1EDA4E41D05B78A00F4D940 /* Frameworks */ = {
			isa = PBXFrameworksBuildPhase;
			buildActionMask = 2147483647;
			files = (
			);
			runOnlyForDeploymentPostprocessing = 0;
		};
		B1EDA4FC1D05B78B00F4D940 /* Frameworks */ = {
			isa = PBXFrameworksBuildPhase;
			buildActionMask = 2147483647;
			files = (
			);
			runOnlyForDeploymentPostprocessing = 0;
		};
		B1EDA5071D05B78B00F4D940 /* Frameworks */ = {
			isa = PBXFrameworksBuildPhase;
			buildActionMask = 2147483647;
			files = (
			);
			runOnlyForDeploymentPostprocessing = 0;
		};
/* End PBXFrameworksBuildPhase section */

/* Begin PBXGroup section */
		B1EDA4DE1D05B78A00F4D940 = {
			isa = PBXGroup;
			children = (
				B1EDA4E91D05B78A00F4D940 /* Galiga 1 */,
				B1EDA5021D05B78B00F4D940 /* Galiga 1Tests */,
				B1EDA50D1D05B78B00F4D940 /* Galiga 1UITests */,
				B1EDA4E81D05B78A00F4D940 /* Products */,
			);
			sourceTree = "<group>";
		};
		B1EDA4E81D05B78A00F4D940 /* Products */ = {
			isa = PBXGroup;
			children = (
				B1EDA4E71D05B78A00F4D940 /* Galiga 1.app */,
				B1EDA4FF1D05B78B00F4D940 /* Galiga 1Tests.xctest */,
				B1EDA50A1D05B78B00F4D940 /* Galiga 1UITests.xctest */,
			);
			name = Products;
			sourceTree = "<group>";
		};
		B1EDA4E91D05B78A00F4D940 /* Galiga 1 */ = {
			isa = PBXGroup;
			children = (
				B134C7BE1D071D4400BEA15C /* MagicParticle.sks */,
				B134C7BF1D071D4400BEA15C /* spark.png */,
				B1B7443C1D0B8EDA00675651 /* StartScene.sks */,
				B1EDA4EC1D05B78A00F4D940 /* GameScene.sks */,
				B1EDA4EA1D05B78A00F4D940 /* AppDelegate.swift */,
				B1DB4BA41D0679D700C917CB /* EndScene.swift */,
				B1EDA4EE1D05B78A00F4D940 /* GameScene.swift */,
				B1B744801D0B9FD100675651 /* EnemyClass.swift */,
				B1B7443E1D0B8F0300675651 /* StartScene.swift */,
				B1EDA4F01D05B78A00F4D940 /* GameViewController.swift */,
				B1EDA4F21D05B78A00F4D940 /* Main.storyboard */,
				B1F7923E1D15BD2900DB9752 /* gameSounds */,
				B1D085821D14E20B00F0305B /* back_beam_rear_right.atlas */,
				B1D085831D14E20B00F0305B /* back_beam_rear_left.atlas */,
				B1D0857E1D14DCDB00F0305B /* back_beam_front_left.atlas */,
				B1D0857F1D14DCDB00F0305B /* back_beam_front_right.atlas */,
				B1B7447E1D0B9BF700675651 /* Lazor_beam.atlas */,
				B1B7442E1D0A225700675651 /* Lazor_head.atlas */,
				B1EDA51C1D05BC8000F4D940 /* images */,
				B1EDA4F51D05B78A00F4D940 /* Assets.xcassets */,
				B1EDA4F71D05B78A00F4D940 /* LaunchScreen.storyboard */,
				B1EDA4FA1D05B78A00F4D940 /* Info.plist */,
			);
			path = "Galiga 1";
			sourceTree = "<group>";
		};
		B1EDA5021D05B78B00F4D940 /* Galiga 1Tests */ = {
			isa = PBXGroup;
			children = (
				B1EDA5031D05B78B00F4D940 /* Galiga_1Tests.swift */,
				B1EDA5051D05B78B00F4D940 /* Info.plist */,
			);
			path = "Galiga 1Tests";
			sourceTree = "<group>";
		};
		B1EDA50D1D05B78B00F4D940 /* Galiga 1UITests */ = {
			isa = PBXGroup;
			children = (
				B1EDA50E1D05B78B00F4D940 /* Galiga_1UITests.swift */,
				B1EDA5101D05B78B00F4D940 /* Info.plist */,
			);
			path = "Galiga 1UITests";
			sourceTree = "<group>";
		};
		B1EDA51C1D05BC8000F4D940 /* images */ = {
			isa = PBXGroup;
			children = (
				B17F47D21D0E37770035B77A /* WUp.png */,
				B1A42AB91D0F8C7900079727 /* PowerUpBeam.png */,
				B1A42AB71D0F78EF00079727 /* back_beam_rearS.png */,
				B1A42AB31D0F6C8B00079727 /* back_beam_front.png */,
				B1A42AB41D0F6C8B00079727 /* back_beam_rear.png */,
				B17639781D075524006F293A /* Lazor_beam.png */,
				B11436251D0883030078425D /* BlastBullet.png */,
				B11436261D0883030078425D /* PowerUpBlast.png */,
				B176397A1D0758BB006F293A /* PowerUpLazor.png */,
				B195AA391D08DFA30030B395 /* Lazor_head.png */,
				B195AA3B1D08DFE70030B395 /* Lazor_ring.png */,
				B1DB4B8E1D0610E800C917CB /* 9-inc jetL.png */,
				B1DB4B9A1D06673200C917CB /* Enemy2.png */,
				B1DB4B9B1D06673200C917CB /* Enemy1.png */,
				B1DB4B9C1D06673200C917CB /* 9-inc.png */,
				B1DB4B8F1D0610E800C917CB /* 9-inc jetR.png */,
				B1DB4B941D0625FF00C917CB /* 9-inc jet3.png */,
				B1DB4B901D0610E800C917CB /* 9-inc jet4.png */,
				B1EDA51E1D05BC8F00F4D940 /* bullet.png */,
			);
			name = images;
			sourceTree = "<group>";
		};
/* End PBXGroup section */

/* Begin PBXNativeTarget section */
		B1EDA4E61D05B78A00F4D940 /* Galiga 1 */ = {
			isa = PBXNativeTarget;
			buildConfigurationList = B1EDA5131D05B78B00F4D940 /* Build configuration list for PBXNativeTarget "Galiga 1" */;
			buildPhases = (
				B1EDA4E31D05B78A00F4D940 /* Sources */,
				B1EDA4E41D05B78A00F4D940 /* Frameworks */,
				B1EDA4E51D05B78A00F4D940 /* Resources */,
			);
			buildRules = (
			);
			dependencies = (
			);
			name = "Galiga 1";
			productName = "Galiga 1";
			productReference = B1EDA4E71D05B78A00F4D940 /* Galiga 1.app */;
			productType = "com.apple.product-type.application";
		};
		B1EDA4FE1D05B78B00F4D940 /* Galiga 1Tests */ = {
			isa = PBXNativeTarget;
			buildConfigurationList = B1EDA5161D05B78B00F4D940 /* Build configuration list for PBXNativeTarget "Galiga 1Tests" */;
			buildPhases = (
				B1EDA4FB1D05B78B00F4D940 /* Sources */,
				B1EDA4FC1D05B78B00F4D940 /* Frameworks */,
				B1EDA4FD1D05B78B00F4D940 /* Resources */,
			);
			buildRules = (
			);
			dependencies = (
				B1EDA5011D05B78B00F4D940 /* PBXTargetDependency */,
			);
			name = "Galiga 1Tests";
			productName = "Galiga 1Tests";
			productReference = B1EDA4FF1D05B78B00F4D940 /* Galiga 1Tests.xctest */;
			productType = "com.apple.product-type.bundle.unit-test";
		};
		B1EDA5091D05B78B00F4D940 /* Galiga 1UITests */ = {
			isa = PBXNativeTarget;
			buildConfigurationList = B1EDA5191D05B78B00F4D940 /* Build configuration list for PBXNativeTarget "Galiga 1UITests" */;
			buildPhases = (
				B1EDA5061D05B78B00F4D940 /* Sources */,
				B1EDA5071D05B78B00F4D940 /* Frameworks */,
				B1EDA5081D05B78B00F4D940 /* Resources */,
			);
			buildRules = (
			);
			dependencies = (
				B1EDA50C1D05B78B00F4D940 /* PBXTargetDependency */,
			);
			name = "Galiga 1UITests";
			productName = "Galiga 1UITests";
			productReference = B1EDA50A1D05B78B00F4D940 /* Galiga 1UITests.xctest */;
			productType = "com.apple.product-type.bundle.ui-testing";
		};
/* End PBXNativeTarget section */

/* Begin PBXProject section */
		B1EDA4DF1D05B78A00F4D940 /* Project object */ = {
			isa = PBXProject;
			attributes = {
				LastSwiftUpdateCheck = 0730;
				LastUpgradeCheck = 0730;
				ORGANIZATIONNAME = "Rodrigo Ferreira";
				TargetAttributes = {
					B1EDA4E61D05B78A00F4D940 = {
						CreatedOnToolsVersion = 7.3.1;
					};
					B1EDA4FE1D05B78B00F4D940 = {
						CreatedOnToolsVersion = 7.3.1;
						TestTargetID = B1EDA4E61D05B78A00F4D940;
					};
					B1EDA5091D05B78B00F4D940 = {
						CreatedOnToolsVersion = 7.3.1;
						TestTargetID = B1EDA4E61D05B78A00F4D940;
					};
				};
			};
			buildConfigurationList = B1EDA4E21D05B78A00F4D940 /* Build configuration list for PBXProject "Galiga 1" */;
			compatibilityVersion = "Xcode 3.2";
			developmentRegion = English;
			hasScannedForEncodings = 0;
			knownRegions = (
				en,
				Base,
			);
			mainGroup = B1EDA4DE1D05B78A00F4D940;
			productRefGroup = B1EDA4E81D05B78A00F4D940 /* Products */;
			projectDirPath = "";
			projectRoot = "";
			targets = (
				B1EDA4E61D05B78A00F4D940 /* Galiga 1 */,
				B1EDA4FE1D05B78B00F4D940 /* Galiga 1Tests */,
				B1EDA5091D05B78B00F4D940 /* Galiga 1UITests */,
			);
		};
/* End PBXProject section */

/* Begin PBXResourcesBuildPhase section */
		B1EDA4E51D05B78A00F4D940 /* Resources */ = {
			isa = PBXResourcesBuildPhase;
			buildActionMask = 2147483647;
			files = (
				B1D085851D14E20B00F0305B /* back_beam_rear_left.atlas in Resources */,
				B1D085801D14DCDB00F0305B /* back_beam_front_left.atlas in Resources */,
				B1DB4B9E1D06673200C917CB /* Enemy1.png in Resources */,
				B1DB4B931D0610E800C917CB /* 9-inc jet4.png in Resources */,
				B1DB4B951D0625FF00C917CB /* 9-inc jet3.png in Resources */,
				B134C7C11D071D4400BEA15C /* spark.png in Resources */,
				B195AA3C1D08DFE70030B395 /* Lazor_ring.png in Resources */,
				B11436281D0883030078425D /* PowerUpBlast.png in Resources */,
				B1D085841D14E20B00F0305B /* back_beam_rear_right.atlas in Resources */,
				B1D085811D14DCDB00F0305B /* back_beam_front_right.atlas in Resources */,
				B1A42AB81D0F78EF00079727 /* back_beam_rearS.png in Resources */,
				B1A42AB51D0F6C8B00079727 /* back_beam_front.png in Resources */,
				B17F47D31D0E37770035B77A /* WUp.png in Resources */,
				B11436271D0883030078425D /* BlastBullet.png in Resources */,
				B1EDA4ED1D05B78A00F4D940 /* GameScene.sks in Resources */,
				B1DB4B9F1D06673200C917CB /* 9-inc.png in Resources */,
				B1EDA5201D05BC8F00F4D940 /* bullet.png in Resources */,
				B195AA3A1D08DFA30030B395 /* Lazor_head.png in Resources */,
				B1EDA4F91D05B78A00F4D940 /* LaunchScreen.storyboard in Resources */,
				B1EDA4F61D05B78A00F4D940 /* Assets.xcassets in Resources */,
				B1B7447F1D0B9BF700675651 /* Lazor_beam.atlas in Resources */,
				B1EDA4F41D05B78A00F4D940 /* Main.storyboard in Resources */,
				B1DB4B921D0610E800C917CB /* 9-inc jetR.png in Resources */,
				B176397B1D0758BB006F293A /* PowerUpLazor.png in Resources */,
				B1F7923F1D15BD2900DB9752 /* gameSounds in Resources */,
				B1DB4B911D0610E800C917CB /* 9-inc jetL.png in Resources */,
				B1B7442F1D0A225700675651 /* Lazor_head.atlas in Resources */,
				B1A42AB61D0F6C8B00079727 /* back_beam_rear.png in Resources */,
				B17639791D075524006F293A /* Lazor_beam.png in Resources */,
				B1B7443D1D0B8EDA00675651 /* StartScene.sks in Resources */,
				B1A42ABA1D0F8C7900079727 /* PowerUpBeam.png in Resources */,
				B134C7C01D071D4400BEA15C /* MagicParticle.sks in Resources */,
				B1DB4B9D1D06673200C917CB /* Enemy2.png in Resources */,
			);
			runOnlyForDeploymentPostprocessing = 0;
		};
		B1EDA4FD1D05B78B00F4D940 /* Resources */ = {
			isa = PBXResourcesBuildPhase;
			buildActionMask = 2147483647;
			files = (
			);
			runOnlyForDeploymentPostprocessing = 0;
		};
		B1EDA5081D05B78B00F4D940 /* Resources */ = {
			isa = PBXResourcesBuildPhase;
			buildActionMask = 2147483647;
			files = (
			);
			runOnlyForDeploymentPostprocessing = 0;
		};
/* End PBXResourcesBuildPhase section */

/* Begin PBXSourcesBuildPhase section */
		B1EDA4E31D05B78A00F4D940 /* Sources */ = {
			isa = PBXSourcesBuildPhase;
			buildActionMask = 2147483647;
			files = (
				B1EDA4EF1D05B78A00F4D940 /* GameScene.swift in Sources */,
				B1EDA4F11D05B78A00F4D940 /* GameViewController.swift in Sources */,
				B1DB4BA51D0679D700C917CB /* EndScene.swift in Sources */,
				B1B744811D0B9FD100675651 /* EnemyClass.swift in Sources */,
				B1B7443F1D0B8F0300675651 /* StartScene.swift in Sources */,
				B1EDA4EB1D05B78A00F4D940 /* AppDelegate.swift in Sources */,
			);
			runOnlyForDeploymentPostprocessing = 0;
		};
		B1EDA4FB1D05B78B00F4D940 /* Sources */ = {
			isa = PBXSourcesBuildPhase;
			buildActionMask = 2147483647;
			files = (
				B1EDA5041D05B78B00F4D940 /* Galiga_1Tests.swift in Sources */,
			);
			runOnlyForDeploymentPostprocessing = 0;
		};
		B1EDA5061D05B78B00F4D940 /* Sources */ = {
			isa = PBXSourcesBuildPhase;
			buildActionMask = 2147483647;
			files = (
				B1EDA50F1D05B78B00F4D940 /* Galiga_1UITests.swift in Sources */,
			);
			runOnlyForDeploymentPostprocessing = 0;
		};
/* End PBXSourcesBuildPhase section */

/* Begin PBXTargetDependency section */
		B1EDA5011D05B78B00F4D940 /* PBXTargetDependency */ = {
			isa = PBXTargetDependency;
			target = B1EDA4E61D05B78A00F4D940 /* Galiga 1 */;
			targetProxy = B1EDA5001D05B78B00F4D940 /* PBXContainerItemProxy */;
		};
		B1EDA50C1D05B78B00F4D940 /* PBXTargetDependency */ = {
			isa = PBXTargetDependency;
			target = B1EDA4E61D05B78A00F4D940 /* Galiga 1 */;
			targetProxy = B1EDA50B1D05B78B00F4D940 /* PBXContainerItemProxy */;
		};
/* End PBXTargetDependency section */

/* Begin PBXVariantGroup section */
		B1EDA4F21D05B78A00F4D940 /* Main.storyboard */ = {
			isa = PBXVariantGroup;
			children = (
				B1EDA4F31D05B78A00F4D940 /* Base */,
			);
			name = Main.storyboard;
			sourceTree = "<group>";
		};
		B1EDA4F71D05B78A00F4D940 /* LaunchScreen.storyboard */ = {
			isa = PBXVariantGroup;
			children = (
				B1EDA4F81D05B78A00F4D940 /* Base */,
			);
			name = LaunchScreen.storyboard;
			sourceTree = "<group>";
		};
/* End PBXVariantGroup section */

/* Begin XCBuildConfiguration section */
		B1EDA5111D05B78B00F4D940 /* Debug */ = {
			isa = XCBuildConfiguration;
			buildSettings = {
				ALWAYS_SEARCH_USER_PATHS = NO;
				CLANG_ANALYZER_NONNULL = YES;
				CLANG_CXX_LANGUAGE_STANDARD = "gnu++0x";
				CLANG_CXX_LIBRARY = "libc++";
				CLANG_ENABLE_MODULES = YES;
				CLANG_ENABLE_OBJC_ARC = YES;
				CLANG_WARN_BOOL_CONVERSION = YES;
				CLANG_WARN_CONSTANT_CONVERSION = YES;
				CLANG_WARN_DIRECT_OBJC_ISA_USAGE = YES_ERROR;
				CLANG_WARN_EMPTY_BODY = YES;
				CLANG_WARN_ENUM_CONVERSION = YES;
				CLANG_WARN_INT_CONVERSION = YES;
				CLANG_WARN_OBJC_ROOT_CLASS = YES_ERROR;
				CLANG_WARN_UNREACHABLE_CODE = YES;
				CLANG_WARN__DUPLICATE_METHOD_MATCH = YES;
				"CODE_SIGN_IDENTITY[sdk=iphoneos*]" = "iPhone Developer";
				COPY_PHASE_STRIP = NO;
				DEBUG_INFORMATION_FORMAT = "dwarf-with-dsym";
				ENABLE_STRICT_OBJC_MSGSEND = YES;
				ENABLE_TESTABILITY = YES;
				GCC_C_LANGUAGE_STANDARD = gnu99;
				GCC_DYNAMIC_NO_PIC = NO;
				GCC_NO_COMMON_BLOCKS = YES;
				GCC_OPTIMIZATION_LEVEL = 0;
				GCC_PREPROCESSOR_DEFINITIONS = (
					"DEBUG=1",
					"$(inherited)",
				);
				GCC_WARN_64_TO_32_BIT_CONVERSION = YES;
				GCC_WARN_ABOUT_RETURN_TYPE = YES_ERROR;
				GCC_WARN_UNDECLARED_SELECTOR = YES;
				GCC_WARN_UNINITIALIZED_AUTOS = YES_AGGRESSIVE;
				GCC_WARN_UNUSED_FUNCTION = YES;
				GCC_WARN_UNUSED_VARIABLE = YES;
				IPHONEOS_DEPLOYMENT_TARGET = 9.3;
				MTL_ENABLE_DEBUG_INFO = YES;
				ONLY_ACTIVE_ARCH = YES;
				SDKROOT = iphoneos;
				SWIFT_OPTIMIZATION_LEVEL = "-Onone";
			};
			name = Debug;
		};
		B1EDA5121D05B78B00F4D940 /* Release */ = {
			isa = XCBuildConfiguration;
			buildSettings = {
				ALWAYS_SEARCH_USER_PATHS = NO;
				CLANG_ANALYZER_NONNULL = YES;
				CLANG_CXX_LANGUAGE_STANDARD = "gnu++0x";
				CLANG_CXX_LIBRARY = "libc++";
				CLANG_ENABLE_MODULES = YES;
				CLANG_ENABLE_OBJC_ARC = YES;
				CLANG_WARN_BOOL_CONVERSION = YES;
				CLANG_WARN_CONSTANT_CONVERSION = YES;
				CLANG_WARN_DIRECT_OBJC_ISA_USAGE = YES_ERROR;
				CLANG_WARN_EMPTY_BODY = YES;
				CLANG_WARN_ENUM_CONVERSION = YES;
				CLANG_WARN_INT_CONVERSION = YES;
				CLANG_WARN_OBJC_ROOT_CLASS = YES_ERROR;
				CLANG_WARN_UNREACHABLE_CODE = YES;
				CLANG_WARN__DUPLICATE_METHOD_MATCH = YES;
				"CODE_SIGN_IDENTITY[sdk=iphoneos*]" = "iPhone Developer";
				COPY_PHASE_STRIP = NO;
				DEBUG_INFORMATION_FORMAT = "dwarf-with-dsym";
				ENABLE_NS_ASSERTIONS = NO;
				ENABLE_STRICT_OBJC_MSGSEND = YES;
				GCC_C_LANGUAGE_STANDARD = gnu99;
				GCC_NO_COMMON_BLOCKS = YES;
				GCC_WARN_64_TO_32_BIT_CONVERSION = YES;
				GCC_WARN_ABOUT_RETURN_TYPE = YES_ERROR;
				GCC_WARN_UNDECLARED_SELECTOR = YES;
				GCC_WARN_UNINITIALIZED_AUTOS = YES_AGGRESSIVE;
				GCC_WARN_UNUSED_FUNCTION = YES;
				GCC_WARN_UNUSED_VARIABLE = YES;
				IPHONEOS_DEPLOYMENT_TARGET = 9.3;
				MTL_ENABLE_DEBUG_INFO = NO;
				SDKROOT = iphoneos;
				VALIDATE_PRODUCT = YES;
			};
			name = Release;
		};
		B1EDA5141D05B78B00F4D940 /* Debug */ = {
			isa = XCBuildConfiguration;
			buildSettings = {
				ASSETCATALOG_COMPILER_APPICON_NAME = AppIcon;
				INFOPLIST_FILE = "Galiga 1/Info.plist";
				LD_RUNPATH_SEARCH_PATHS = "$(inherited) @executable_path/Frameworks";
				PRODUCT_BUNDLE_IDENTIFIER = "rf.Galiga-1";
				PRODUCT_NAME = "$(TARGET_NAME)";
			};
			name = Debug;
		};
		B1EDA5151D05B78B00F4D940 /* Release */ = {
			isa = XCBuildConfiguration;
			buildSettings = {
				ASSETCATALOG_COMPILER_APPICON_NAME = AppIcon;
				INFOPLIST_FILE = "Galiga 1/Info.plist";
				LD_RUNPATH_SEARCH_PATHS = "$(inherited) @executable_path/Frameworks";
				PRODUCT_BUNDLE_IDENTIFIER = "rf.Galiga-1";
				PRODUCT_NAME = "$(TARGET_NAME)";
			};
			name = Release;
		};
		B1EDA5171D05B78B00F4D940 /* Debug */ = {
			isa = XCBuildConfiguration;
			buildSettings = {
				BUNDLE_LOADER = "$(TEST_HOST)";
				DEBUG_INFORMATION_FORMAT = dwarf;
				INFOPLIST_FILE = "Galiga 1Tests/Info.plist";
				LD_RUNPATH_SEARCH_PATHS = "$(inherited) @executable_path/Frameworks @loader_path/Frameworks";
				PRODUCT_BUNDLE_IDENTIFIER = "rf.Galiga-1Tests";
				PRODUCT_NAME = "$(TARGET_NAME)";
				TEST_HOST = "$(BUILT_PRODUCTS_DIR)/Galiga 1.app/Galiga 1";
			};
			name = Debug;
		};
		B1EDA5181D05B78B00F4D940 /* Release */ = {
			isa = XCBuildConfiguration;
			buildSettings = {
				BUNDLE_LOADER = "$(TEST_HOST)";
				INFOPLIST_FILE = "Galiga 1Tests/Info.plist";
				LD_RUNPATH_SEARCH_PATHS = "$(inherited) @executable_path/Frameworks @loader_path/Frameworks";
				PRODUCT_BUNDLE_IDENTIFIER = "rf.Galiga-1Tests";
				PRODUCT_NAME = "$(TARGET_NAME)";
				TEST_HOST = "$(BUILT_PRODUCTS_DIR)/Galiga 1.app/Galiga 1";
			};
			name = Release;
		};
		B1EDA51A1D05B78B00F4D940 /* Debug */ = {
			isa = XCBuildConfiguration;
			buildSettings = {
				DEBUG_INFORMATION_FORMAT = dwarf;
				INFOPLIST_FILE = "Galiga 1UITests/Info.plist";
				LD_RUNPATH_SEARCH_PATHS = "$(inherited) @executable_path/Frameworks @loader_path/Frameworks";
				PRODUCT_BUNDLE_IDENTIFIER = "rf.Galiga-1UITests";
				PRODUCT_NAME = "$(TARGET_NAME)";
				TEST_TARGET_NAME = "Galiga 1";
			};
			name = Debug;
		};
		B1EDA51B1D05B78B00F4D940 /* Release */ = {
			isa = XCBuildConfiguration;
			buildSettings = {
				INFOPLIST_FILE = "Galiga 1UITests/Info.plist";
				LD_RUNPATH_SEARCH_PATHS = "$(inherited) @executable_path/Frameworks @loader_path/Frameworks";
				PRODUCT_BUNDLE_IDENTIFIER = "rf.Galiga-1UITests";
				PRODUCT_NAME = "$(TARGET_NAME)";
				TEST_TARGET_NAME = "Galiga 1";
			};
			name = Release;
		};
/* End XCBuildConfiguration section */

/* Begin XCConfigurationList section */
		B1EDA4E21D05B78A00F4D940 /* Build configuration list for PBXProject "Galiga 1" */ = {
			isa = XCConfigurationList;
			buildConfigurations = (
				B1EDA5111D05B78B00F4D940 /* Debug */,
				B1EDA5121D05B78B00F4D940 /* Release */,
			);
			defaultConfigurationIsVisible = 0;
			defaultConfigurationName = Release;
		};
		B1EDA5131D05B78B00F4D940 /* Build configuration list for PBXNativeTarget "Galiga 1" */ = {
			isa = XCConfigurationList;
			buildConfigurations = (
				B1EDA5141D05B78B00F4D940 /* Debug */,
				B1EDA5151D05B78B00F4D940 /* Release */,
			);
			defaultConfigurationIsVisible = 0;
			defaultConfigurationName = Release;
		};
		B1EDA5161D05B78B00F4D940 /* Build configuration list for PBXNativeTarget "Galiga 1Tests" */ = {
			isa = XCConfigurationList;
			buildConfigurations = (
				B1EDA5171D05B78B00F4D940 /* Debug */,
				B1EDA5181D05B78B00F4D940 /* Release */,
			);
			defaultConfigurationIsVisible = 0;
			defaultConfigurationName = Release;
		};
		B1EDA5191D05B78B00F4D940 /* Build configuration list for PBXNativeTarget "Galiga 1UITests" */ = {
			isa = XCConfigurationList;
			buildConfigurations = (
				B1EDA51A1D05B78B00F4D940 /* Debug */,
				B1EDA51B1D05B78B00F4D940 /* Release */,
			);
			defaultConfigurationIsVisible = 0;
			defaultConfigurationName = Release;
		};
/* End XCConfigurationList section */
	};
	rootObject = B1EDA4DF1D05B78A00F4D940 /* Project object */;
}
